<?xml version="1.0" encoding="utf-8"?>
<Project xmlns="http://schemas.microsoft.com/developer/msbuild/2003">
  <ItemGroup>
    <Filter Include="Header Files">
      <UniqueIdentifier>{93995380-89BD-4b04-88EB-625FBE52EBFB}</UniqueIdentifier>
      <Extensions>h;hpp;hxx;hm;inl;inc;xsd</Extensions>
    </Filter>
    <Filter Include="Header Files">
      <UniqueIdentifier>{93995380-89BD-4b04-88EB-625FBE52EBFB}</UniqueIdentifier>
      <Extensions>h;hpp;hxx;hm;inl;inc;xsd</Extensions>
    </Filter>
    <Filter Include="Resource Files">
      <UniqueIdentifier>{D9D6E242-F8AF-46E4-B9FD-80ECBC20BA3E}</UniqueIdentifier>
      <Extensions>qrc;*</Extensions>
      <ParseFiles>false</ParseFiles>
    </Filter>
    <Filter Include="Resource Files">
      <UniqueIdentifier>{D9D6E242-F8AF-46E4-B9FD-80ECBC20BA3E}</UniqueIdentifier>
      <Extensions>qrc;*</Extensions>
      <ParseFiles>false</ParseFiles>
    </Filter>
    <Filter Include="Source Files">
      <UniqueIdentifier>{4FC737F1-C7A5-4376-A066-2A32D752A2FF}</UniqueIdentifier>
      <Extensions>cpp;c;cxx;def;odl;idl;hpj;bat;asm;asmx</Extensions>
    </Filter>
    <Filter Include="Source Files">
      <UniqueIdentifier>{4FC737F1-C7A5-4376-A066-2A32D752A2FF}</UniqueIdentifier>
      <Extensions>cpp;c;cxx;def;odl;idl;hpj;bat;asm;asmx</Extensions>
    </Filter>
    <Filter Include="Source Files\Base">
      <UniqueIdentifier>{df24e923-e915-4f0a-a84f-a870b2029879}</UniqueIdentifier>
    </Filter>
    <Filter Include="Header Files\Base">
      <UniqueIdentifier>{dada521a-47e2-4604-819e-a66dc8d79b40}</UniqueIdentifier>
    </Filter>
    <Filter Include="Header Files\Base\HttpServer">
      <UniqueIdentifier>{14c5656f-cd6d-42b3-9ea9-de510a440afe}</UniqueIdentifier>
    </Filter>
    <Filter Include="Source Files\Base\HttpServer">
      <UniqueIdentifier>{150166aa-3392-4050-918b-a5da604d34c3}</UniqueIdentifier>
    </Filter>
    <Filter Include="Header Files\Login">
      <UniqueIdentifier>{c540db69-213e-4bab-9168-0a026313be78}</UniqueIdentifier>
    </Filter>
    <Filter Include="Source Files\Login">
      <UniqueIdentifier>{1c0fb68c-d881-40f7-9040-ae4ed1e237dc}</UniqueIdentifier>
    </Filter>
    <Filter Include="Test">
      <UniqueIdentifier>{f8e42a89-ea96-4fdf-ad16-5960043239df}</UniqueIdentifier>
    </Filter>
    <Filter Include="Depend">
      <UniqueIdentifier>{beb101f8-4b88-4aba-a0ef-c6d7b3685c73}</UniqueIdentifier>
    </Filter>
    <Filter Include="Depend\Reflection">
      <UniqueIdentifier>{49e42f7e-4c62-4da6-b1b2-016b1686a1a6}</UniqueIdentifier>
    </Filter>
  </ItemGroup>
  <ItemGroup>
    <ClCompile Include="main.cpp">
      <Filter>Source Files</Filter>
    </ClCompile>
    <ClCompile Include="src\Base\HttpServer\httpmanager.cpp">
      <Filter>Source Files\Base\HttpServer</Filter>
    </ClCompile>
    <ClCompile Include="src\Base\global.cpp">
      <Filter>Source Files\Base</Filter>
    </ClCompile>
    <ClCompile Include="src\Login\logindialog.cpp">
      <Filter>Source Files\Login</Filter>
    </ClCompile>
    <ClCompile Include="src\Login\registerdialog.cpp">
      <Filter>Source Files\Login</Filter>
    </ClCompile>
    <ClCompile Include="test\Test_Config.cpp">
      <Filter>Test</Filter>
    </ClCompile>
    <ClCompile Include="test\Test_Reflection.cpp">
      <Filter>Test</Filter>
    </ClCompile>
    <ClCompile Include="test\Test_ThreadPool.cpp">
      <Filter>Test</Filter>
    </ClCompile>
  </ItemGroup>
  <ItemGroup>
    <ClInclude Include="src\Base\singleton.h">
      <Filter>Header Files\Base</Filter>
    </ClInclude>
    <ClInclude Include="src\Base\global.h">
      <Filter>Header Files\Base</Filter>
    </ClInclude>
    <ClInclude Include="Depend\iguana\common.hpp">
      <Filter>Depend\Reflection</Filter>
    </ClInclude>
    <ClInclude Include="Depend\iguana\define.h">
      <Filter>Depend\Reflection</Filter>
    </ClInclude>
    <ClInclude Include="Depend\iguana\dynamic.hpp">
      <Filter>Depend\Reflection</Filter>
    </ClInclude>
    <ClInclude Include="Depend\iguana\error_code.h">
      <Filter>Depend\Reflection</Filter>
    </ClInclude>
    <ClInclude Include="Depend\iguana\field_reflection.hpp">
      <Filter>Depend\Reflection</Filter>
    </ClInclude>
    <ClInclude Include="Depend\iguana\iguana.hpp">
      <Filter>Depend\Reflection</Filter>
    </ClInclude>
    <ClInclude Include="Depend\iguana\json_reader.hpp">
      <Filter>Depend\Reflection</Filter>
    </ClInclude>
    <ClInclude Include="Depend\iguana\json_util.hpp">
      <Filter>Depend\Reflection</Filter>
    </ClInclude>
    <ClInclude Include="Depend\iguana\json_writer.hpp">
      <Filter>Depend\Reflection</Filter>
    </ClInclude>
    <ClInclude Include="Depend\iguana\pb_reader.hpp">
      <Filter>Depend\Reflection</Filter>
    </ClInclude>
    <ClInclude Include="Depend\iguana\pb_util.hpp">
      <Filter>Depend\Reflection</Filter>
    </ClInclude>
    <ClInclude Include="Depend\iguana\pb_writer.hpp">
      <Filter>Depend\Reflection</Filter>
    </ClInclude>
    <ClInclude Include="Depend\iguana\prettify.hpp">
      <Filter>Depend\Reflection</Filter>
    </ClInclude>
    <ClInclude Include="Depend\iguana\util.hpp">
      <Filter>Depend\Reflection</Filter>
    </ClInclude>
    <ClInclude Include="Depend\iguana\value.hpp">
      <Filter>Depend\Reflection</Filter>
    </ClInclude>
    <ClInclude Include="Depend\iguana\version.hpp">
      <Filter>Depend\Reflection</Filter>
    </ClInclude>
    <ClInclude Include="Depend\iguana\xml_reader.hpp">
      <Filter>Depend\Reflection</Filter>
    </ClInclude>
    <ClInclude Include="Depend\iguana\xml_util.hpp">
      <Filter>Depend\Reflection</Filter>
    </ClInclude>
    <ClInclude Include="Depend\iguana\xml_writer.hpp">
      <Filter>Depend\Reflection</Filter>
    </ClInclude>
    <ClInclude Include="Depend\iguana\yaml_reader.hpp">
      <Filter>Depend\Reflection</Filter>
    </ClInclude>
    <ClInclude Include="Depend\iguana\yaml_util.hpp">
      <Filter>Depend\Reflection</Filter>
    </ClInclude>
    <ClInclude Include="Depend\iguana\yaml_writer.hpp">
      <Filter>Depend\Reflection</Filter>
    </ClInclude>
    <ClInclude Include="Depend\iguana\Reflection.h">
      <Filter>Depend\Reflection</Filter>
    </ClInclude>
  </ItemGroup>
  <ItemGroup>
    <None Include="res\cat.png">
      <Filter>Resource Files</Filter>
    </None>
    <QtRcc Include="rc.qrc">
      <Filter>Resource Files</Filter>
    </QtRcc>
    <None Include="style\stylesheet.qss">
      <Filter>Resource Files</Filter>
    </None>
  </ItemGroup>
  <ItemGroup>
    <QtMoc Include="src\Base\HttpServer\httpmanager.h">
      <Filter>Header Files\Base\HttpServer</Filter>
    </QtMoc>
    <QtMoc Include="src\Login\logindialog.h">
      <Filter>Header Files\Login</Filter>
    </QtMoc>
    <QtMoc Include="src\Login\registerdialog.h">
      <Filter>Header Files\Login</Filter>
    </QtMoc>
  </ItemGroup>
  <ItemGroup>
    <QtUic Include="src\Login\logindialog.ui">
      <Filter>Header Files\Login</Filter>
    </QtUic>
    <QtUic Include="src\Login\registerdialog.ui">
      <Filter>Header Files\Login</Filter>
    </QtUic>
  </ItemGroup>
</Project>